
Microsoft Visual Studio Solution File, Format Version 11.00
# Visual Studio 2010
Project("{8BC9CEB8-8B4A-11D0-8D11-00A0C91BC942}") = "SORT", "SORT\SORT.vcxproj", "{4A80004A-ECDE-47A5-8BEC-917C4024A72A}"
EndProject
Global
	GlobalSection(SolutionConfigurationPlatforms) = preSolution
		Debug|Win32 = Debug|Win32
		Release|Win32 = Release|Win32
	EndGlobalSection
	GlobalSection(ProjectConfigurationPlatforms) = postSolution
		{4A80004A-ECDE-47A5-8BEC-917C4024A72A}.Debug|Win32.ActiveCfg = Debug|Win32
		{4A80004A-ECDE-47A5-8BEC-917C4024A72A}.Debug|Win32.Build.0 = Debug|Win32
		{4A80004A-ECDE-47A5-8BEC-917C4024A72A}.Release|Win32.ActiveCfg = Release|Win32
		{4A80004A-ECDE-47A5-8BEC-917C4024A72A}.Release|Win32.Build.0 = Release|Win32
	EndGlobalSection
	GlobalSection(SolutionProperties) = preSolution
		HideSolutionNode = FALSE
	EndGlobalSection
EndGlobal
